
Microsoft Visual Studio Solution File, Format Version 12.00
# Visual Studio 15
Project("{FAE04EC0-301F-11D3-BF4B-00C04F79EFBC}") = "CarPartsUltimate", "CarPartsUltimate\CarPartsUltimate.csproj", "{818A79D9-E496-42BF-86F9-13A84FC9754B}"
EndProject
Project("{FAE04EC0-301F-11D3-BF4B-00C04F79EFBC}") = "CarPartsUltimateLib", "CarPartsUltimateLib\CarPartsUltimateLib.csproj", "{8C3471FA-2C79-4BDD-8FE5-FC906EB40361}"
EndProject
Project("{FAE04EC0-301F-11D3-BF4B-00C04F79EFBC}") = "CarPartsUltimateData", "CarPartsUltimateData\CarPartsUltimateData.csproj", "{0587568A-D4E3-447F-A7C7-7D815AE1D76F}"
EndProject
Global
	GlobalSection(SolutionConfigurationPlatforms) = preSolution
		Debug|Any CPU = Debug|Any CPU
		Release|Any CPU = Release|Any CPU
	EndGlobalSection
	GlobalSection(ProjectConfigurationPlatforms) = postSolution
		{818A79D9-E496-42BF-86F9-13A84FC9754B}.Debug|Any CPU.ActiveCfg = Debug|Any CPU
		{818A79D9-E496-42BF-86F9-13A84FC9754B}.Debug|Any CPU.Build.0 = Debug|Any CPU
		{818A79D9-E496-42BF-86F9-13A84FC9754B}.Release|Any CPU.ActiveCfg = Release|Any CPU
		{818A79D9-E496-42BF-86F9-13A84FC9754B}.Release|Any CPU.Build.0 = Release|Any CPU
		{8C3471FA-2C79-4BDD-8FE5-FC906EB40361}.Debug|Any CPU.ActiveCfg = Debug|Any CPU
		{8C3471FA-2C79-4BDD-8FE5-FC906EB40361}.Debug|Any CPU.Build.0 = Debug|Any CPU
		{8C3471FA-2C79-4BDD-8FE5-FC906EB40361}.Release|Any CPU.ActiveCfg = Release|Any CPU
		{8C3471FA-2C79-4BDD-8FE5-FC906EB40361}.Release|Any CPU.Build.0 = Release|Any CPU
		{0587568A-D4E3-447F-A7C7-7D815AE1D76F}.Debug|Any CPU.ActiveCfg = Debug|Any CPU
		{0587568A-D4E3-447F-A7C7-7D815AE1D76F}.Debug|Any CPU.Build.0 = Debug|Any CPU
		{0587568A-D4E3-447F-A7C7-7D815AE1D76F}.Release|Any CPU.ActiveCfg = Release|Any CPU
		{0587568A-D4E3-447F-A7C7-7D815AE1D76F}.Release|Any CPU.Build.0 = Release|Any CPU
	EndGlobalSection
EndGlobal
